
Microsoft Visual Studio Solution File, Format Version 12.00
# Visual Studio Version 16
VisualStudioVersion = 16.0.29926.136
MinimumVisualStudioVersion = 10.0.40219.1
Project("{FAE04EC0-301F-11D3-BF4B-00C04F79EFBC}") = "SimpleGeometry", "SimpleGeometry.csproj", "{9E1D2845-FBF4-4839-9EEB-942A25AF8C4D}"
EndProject
Global
	GlobalSection(SolutionConfigurationPlatforms) = preSolution
		Debug|Any CPU = Debug|Any CPU
		Release|Any CPU = Release|Any CPU
	EndGlobalSection
	GlobalSection(ProjectConfigurationPlatforms) = postSolution
		{9E1D2845-FBF4-4839-9EEB-942A25AF8C4D}.Debug|Any CPU.ActiveCfg = Debug|Any CPU
		{9E1D2845-FBF4-4839-9EEB-942A25AF8C4D}.Debug|Any CPU.Build.0 = Debug|Any CPU
		{9E1D2845-FBF4-4839-9EEB-942A25AF8C4D}.Release|Any CPU.ActiveCfg = Release|Any CPU
		{9E1D2845-FBF4-4839-9EEB-942A25AF8C4D}.Release|Any CPU.Build.0 = Release|Any CPU
	EndGlobalSection
	GlobalSection(SolutionProperties) = preSolution
		HideSolutionNode = FALSE
	EndGlobalSection
	GlobalSection(ExtensibilityGlobals) = postSolution
		SolutionGuid = {37EC380E-7235-47FE-A47D-08DCBFFAC273}
	EndGlobalSection
EndGlobal
